{
  "name": "oanda-adapter",
  "version": "2.0.0",
  "lockfileVersion": 2,
  "requires": true,
  "packages": {
    "": {
      "version": "2.0.0",
      "license": "MIT",
      "dependencies": {
        "@oanda/v20": "^3.0.25-0",
        "backbone-events-standalone": "~0.2.1",
        "underscore": "~1.6.0"
      }
    },
    "node_modules/@oanda/v20": {
      "version": "3.0.25-0",
      "resolved": "https://registry.npmjs.org/@oanda/v20/-/v20-3.0.25-0.tgz",
      "integrity": "sha512-p43IttefQIVy94W+XYC2heKbs6VdwBftgZNFK48BcMiXdN99tHhoccJU21gmRI/7E32aafU/ehkz751Zi4MDGw=="
    },
    "node_modules/backbone-events-standalone": {
      "version": "0.2.7",
      "resolved": "https://registry.npmjs.org/backbone-events-standalone/-/backbone-events-standalone-0.2.7.tgz",
      "integrity": "sha1-MkN9nRHFzvBBA0pZxJRzuG8M4ZY="
    },
    "node_modules/underscore": {
      "version": "1.6.0",
      "resolved": "https://registry.npmjs.org/underscore/-/underscore-1.6.0.tgz",
      "integrity": "sha1-izixDKze9jM3uLJOT/htRa6lKag="
    }
  },
  "dependencies": {
    "@oanda/v20": {
      "version": "3.0.25-0",
      "resolved": "https://registry.npmjs.org/@oanda/v20/-/v20-3.0.25-0.tgz",
      "integrity": "sha512-p43IttefQIVy94W+XYC2heKbs6VdwBftgZNFK48BcMiXdN99tHhoccJU21gmRI/7E32aafU/ehkz751Zi4MDGw=="
    },
    "backbone-events-standalone": {
      "version": "0.2.7",
      "resolved": "https://registry.npmjs.org/backbone-events-standalone/-/backbone-events-standalone-0.2.7.tgz",
      "integrity": "sha1-MkN9nRHFzvBBA0pZxJRzuG8M4ZY="
    },
    "underscore": {
      "version": "1.6.0",
      "resolved": "https://registry.npmjs.org/underscore/-/underscore-1.6.0.tgz",
      "integrity": "sha1-izixDKze9jM3uLJOT/htRa6lKag="
    }
  }
}
